
Microsoft Visual Studio Solution File, Format Version 12.00
# Visual Studio 15
VisualStudioVersion = 15.0.26124.0
MinimumVisualStudioVersion = 15.0.26124.0
Project("{FAE04EC0-301F-11D3-BF4B-00C04F79EFBC}") = "CrudNinja.WebAPI", "CrudNinja.WebAPI\CrudNinja.WebAPI.csproj", "{0050994B-D2C1-4D67-A443-9F1D8E72C18D}"
EndProject
Project("{FAE04EC0-301F-11D3-BF4B-00C04F79EFBC}") = "CrudNinja.Repository", "CrudNinja.Repository\CrudNinja.Repository.csproj", "{BC929DC2-4DB4-44D9-9380-F42A4DD40234}"
EndProject
Project("{FAE04EC0-301F-11D3-BF4B-00C04F79EFBC}") = "CrudNinja.Domain", "CrudNinja.Domain\CrudNinja.Domain.csproj", "{390E0B30-77A9-4084-8432-62412CB47504}"
EndProject
Global
	GlobalSection(SolutionConfigurationPlatforms) = preSolution
		Debug|Any CPU = Debug|Any CPU
		Debug|x64 = Debug|x64
		Debug|x86 = Debug|x86
		Release|Any CPU = Release|Any CPU
		Release|x64 = Release|x64
		Release|x86 = Release|x86
	EndGlobalSection
	GlobalSection(SolutionProperties) = preSolution
		HideSolutionNode = FALSE
	EndGlobalSection
	GlobalSection(ProjectConfigurationPlatforms) = postSolution
		{0050994B-D2C1-4D67-A443-9F1D8E72C18D}.Debug|Any CPU.ActiveCfg = Debug|Any CPU
		{0050994B-D2C1-4D67-A443-9F1D8E72C18D}.Debug|Any CPU.Build.0 = Debug|Any CPU
		{0050994B-D2C1-4D67-A443-9F1D8E72C18D}.Debug|x64.ActiveCfg = Debug|Any CPU
		{0050994B-D2C1-4D67-A443-9F1D8E72C18D}.Debug|x64.Build.0 = Debug|Any CPU
		{0050994B-D2C1-4D67-A443-9F1D8E72C18D}.Debug|x86.ActiveCfg = Debug|Any CPU
		{0050994B-D2C1-4D67-A443-9F1D8E72C18D}.Debug|x86.Build.0 = Debug|Any CPU
		{0050994B-D2C1-4D67-A443-9F1D8E72C18D}.Release|Any CPU.ActiveCfg = Release|Any CPU
		{0050994B-D2C1-4D67-A443-9F1D8E72C18D}.Release|Any CPU.Build.0 = Release|Any CPU
		{0050994B-D2C1-4D67-A443-9F1D8E72C18D}.Release|x64.ActiveCfg = Release|Any CPU
		{0050994B-D2C1-4D67-A443-9F1D8E72C18D}.Release|x64.Build.0 = Release|Any CPU
		{0050994B-D2C1-4D67-A443-9F1D8E72C18D}.Release|x86.ActiveCfg = Release|Any CPU
		{0050994B-D2C1-4D67-A443-9F1D8E72C18D}.Release|x86.Build.0 = Release|Any CPU
		{BC929DC2-4DB4-44D9-9380-F42A4DD40234}.Debug|Any CPU.ActiveCfg = Debug|Any CPU
		{BC929DC2-4DB4-44D9-9380-F42A4DD40234}.Debug|Any CPU.Build.0 = Debug|Any CPU
		{BC929DC2-4DB4-44D9-9380-F42A4DD40234}.Debug|x64.ActiveCfg = Debug|Any CPU
		{BC929DC2-4DB4-44D9-9380-F42A4DD40234}.Debug|x64.Build.0 = Debug|Any CPU
		{BC929DC2-4DB4-44D9-9380-F42A4DD40234}.Debug|x86.ActiveCfg = Debug|Any CPU
		{BC929DC2-4DB4-44D9-9380-F42A4DD40234}.Debug|x86.Build.0 = Debug|Any CPU
		{BC929DC2-4DB4-44D9-9380-F42A4DD40234}.Release|Any CPU.ActiveCfg = Release|Any CPU
		{BC929DC2-4DB4-44D9-9380-F42A4DD40234}.Release|Any CPU.Build.0 = Release|Any CPU
		{BC929DC2-4DB4-44D9-9380-F42A4DD40234}.Release|x64.ActiveCfg = Release|Any CPU
		{BC929DC2-4DB4-44D9-9380-F42A4DD40234}.Release|x64.Build.0 = Release|Any CPU
		{BC929DC2-4DB4-44D9-9380-F42A4DD40234}.Release|x86.ActiveCfg = Release|Any CPU
		{BC929DC2-4DB4-44D9-9380-F42A4DD40234}.Release|x86.Build.0 = Release|Any CPU
		{390E0B30-77A9-4084-8432-62412CB47504}.Debug|Any CPU.ActiveCfg = Debug|Any CPU
		{390E0B30-77A9-4084-8432-62412CB47504}.Debug|Any CPU.Build.0 = Debug|Any CPU
		{390E0B30-77A9-4084-8432-62412CB47504}.Debug|x64.ActiveCfg = Debug|Any CPU
		{390E0B30-77A9-4084-8432-62412CB47504}.Debug|x64.Build.0 = Debug|Any CPU
		{390E0B30-77A9-4084-8432-62412CB47504}.Debug|x86.ActiveCfg = Debug|Any CPU
		{390E0B30-77A9-4084-8432-62412CB47504}.Debug|x86.Build.0 = Debug|Any CPU
		{390E0B30-77A9-4084-8432-62412CB47504}.Release|Any CPU.ActiveCfg = Release|Any CPU
		{390E0B30-77A9-4084-8432-62412CB47504}.Release|Any CPU.Build.0 = Release|Any CPU
		{390E0B30-77A9-4084-8432-62412CB47504}.Release|x64.ActiveCfg = Release|Any CPU
		{390E0B30-77A9-4084-8432-62412CB47504}.Release|x64.Build.0 = Release|Any CPU
		{390E0B30-77A9-4084-8432-62412CB47504}.Release|x86.ActiveCfg = Release|Any CPU
		{390E0B30-77A9-4084-8432-62412CB47504}.Release|x86.Build.0 = Release|Any CPU
	EndGlobalSection
EndGlobal
